
Microsoft Visual Studio Solution File, Format Version 12.00
# Visual Studio Version 17
VisualStudioVersion = 17.7.34221.43
MinimumVisualStudioVersion = 10.0.40219.1
Project("{FAE04EC0-301F-11D3-BF4B-00C04F79EFBC}") = "RestaurantManagementSystem", "RestaurantManagementSystem\RestaurantManagementSystem.csproj", "{4153368B-027A-4902-891D-5F686F8F1A2C}"
EndProject
Global
	GlobalSection(SolutionConfigurationPlatforms) = preSolution
		Debug|Any CPU = Debug|Any CPU
		Release|Any CPU = Release|Any CPU
	EndGlobalSection
	GlobalSection(ProjectConfigurationPlatforms) = postSolution
		{4153368B-027A-4902-891D-5F686F8F1A2C}.Debug|Any CPU.ActiveCfg = Debug|Any CPU
		{4153368B-027A-4902-891D-5F686F8F1A2C}.Debug|Any CPU.Build.0 = Debug|Any CPU
		{4153368B-027A-4902-891D-5F686F8F1A2C}.Release|Any CPU.ActiveCfg = Release|Any CPU
		{4153368B-027A-4902-891D-5F686F8F1A2C}.Release|Any CPU.Build.0 = Release|Any CPU
	EndGlobalSection
	GlobalSection(SolutionProperties) = preSolution
		HideSolutionNode = FALSE
	EndGlobalSection
	GlobalSection(ExtensibilityGlobals) = postSolution
		SolutionGuid = {DF506114-F891-47C4-8CA4-E7A9602C4400}
	EndGlobalSection
EndGlobal
